
Microsoft Visual Studio Solution File, Format Version 12.00
# Visual Studio Version 16
VisualStudioVersion = 16.0.33529.622
MinimumVisualStudioVersion = 10.0.40219.1
Project("{FAE04EC0-301F-11D3-BF4B-00C04F79EFBC}") = "DataAnnotationStudy", "DataAnnotationStudy.csproj", "{6A9ADC29-24E6-4BFB-96CD-C96A41135E1E}"
EndProject
Global
	GlobalSection(SolutionConfigurationPlatforms) = preSolution
		Debug|Any CPU = Debug|Any CPU
		Release|Any CPU = Release|Any CPU
	EndGlobalSection
	GlobalSection(ProjectConfigurationPlatforms) = postSolution
		{6A9ADC29-24E6-4BFB-96CD-C96A41135E1E}.Debug|Any CPU.ActiveCfg = Debug|Any CPU
		{6A9ADC29-24E6-4BFB-96CD-C96A41135E1E}.Debug|Any CPU.Build.0 = Debug|Any CPU
		{6A9ADC29-24E6-4BFB-96CD-C96A41135E1E}.Release|Any CPU.ActiveCfg = Release|Any CPU
		{6A9ADC29-24E6-4BFB-96CD-C96A41135E1E}.Release|Any CPU.Build.0 = Release|Any CPU
	EndGlobalSection
	GlobalSection(SolutionProperties) = preSolution
		HideSolutionNode = FALSE
	EndGlobalSection
	GlobalSection(ExtensibilityGlobals) = postSolution
		SolutionGuid = {03B0A7D6-71C2-4F55-92A2-843EAF02AEC2}
	EndGlobalSection
EndGlobal
